
Microsoft Visual Studio Solution File, Format Version 12.00
# Visual Studio Version 16
VisualStudioVersion = 16.0.31019.35
MinimumVisualStudioVersion = 10.0.40219.1
Project("{FAE04EC0-301F-11D3-BF4B-00C04F79EFBC}") = "ContaBanco", "ContaBanco\ContaBanco.csproj", "{422D9408-59C4-496A-93D9-3CB11565720C}"
EndProject
Global
	GlobalSection(SolutionConfigurationPlatforms) = preSolution
		Debug|Any CPU = Debug|Any CPU
		Release|Any CPU = Release|Any CPU
	EndGlobalSection
	GlobalSection(ProjectConfigurationPlatforms) = postSolution
		{422D9408-59C4-496A-93D9-3CB11565720C}.Debug|Any CPU.ActiveCfg = Debug|Any CPU
		{422D9408-59C4-496A-93D9-3CB11565720C}.Debug|Any CPU.Build.0 = Debug|Any CPU
		{422D9408-59C4-496A-93D9-3CB11565720C}.Release|Any CPU.ActiveCfg = Release|Any CPU
		{422D9408-59C4-496A-93D9-3CB11565720C}.Release|Any CPU.Build.0 = Release|Any CPU
	EndGlobalSection
	GlobalSection(SolutionProperties) = preSolution
		HideSolutionNode = FALSE
	EndGlobalSection
	GlobalSection(ExtensibilityGlobals) = postSolution
		SolutionGuid = {9478AA02-2EBC-4459-AD3F-558258285ED5}
	EndGlobalSection
EndGlobal
